
Microsoft Visual Studio Solution File, Format Version 12.00
# Visual Studio Version 16
VisualStudioVersion = 16.0.29609.76
MinimumVisualStudioVersion = 10.0.40219.1
Project("{FAE04EC0-301F-11D3-BF4B-00C04F79EFBC}") = "DrugKeeper.UWP", "DrugKeeper.UWP\DrugKeeper.UWP.csproj", "{8C05B1E0-F256-4217-AC67-C0DB39E69B54}"
EndProject
Project("{FAE04EC0-301F-11D3-BF4B-00C04F79EFBC}") = "DrugKeeper.Android", "DrugKeeper.Android\DrugKeeper.Android.csproj", "{D2FAD16A-7785-40B5-B297-CC49FDC9F647}"
EndProject
Project("{FAE04EC0-301F-11D3-BF4B-00C04F79EFBC}") = "DrugKeeper.iOS", "DrugKeeper.iOS\DrugKeeper.iOS.csproj", "{34CFA924-422D-4CE7-8E72-ABA00AC562A5}"
EndProject
Project("{FAE04EC0-301F-11D3-BF4B-00C04F79EFBC}") = "DrugKeeper", "DrugKeeper\DrugKeeper.csproj", "{8A9E72FC-4AB5-41FF-8638-50A5F3705429}"
EndProject
Global
	GlobalSection(SolutionConfigurationPlatforms) = preSolution
		Debug|Any CPU = Debug|Any CPU
		Debug|ARM = Debug|ARM
		Debug|iPhone = Debug|iPhone
		Debug|iPhoneSimulator = Debug|iPhoneSimulator
		Debug|x64 = Debug|x64
		Debug|x86 = Debug|x86
		Release|Any CPU = Release|Any CPU
		Release|ARM = Release|ARM
		Release|iPhone = Release|iPhone
		Release|iPhoneSimulator = Release|iPhoneSimulator
		Release|x64 = Release|x64
		Release|x86 = Release|x86
	EndGlobalSection
	GlobalSection(ProjectConfigurationPlatforms) = postSolution
		{8C05B1E0-F256-4217-AC67-C0DB39E69B54}.Debug|Any CPU.ActiveCfg = Debug|x86
		{8C05B1E0-F256-4217-AC67-C0DB39E69B54}.Debug|Any CPU.Build.0 = Debug|x86
		{8C05B1E0-F256-4217-AC67-C0DB39E69B54}.Debug|Any CPU.Deploy.0 = Debug|x86
		{8C05B1E0-F256-4217-AC67-C0DB39E69B54}.Debug|ARM.ActiveCfg = Debug|ARM
		{8C05B1E0-F256-4217-AC67-C0DB39E69B54}.Debug|ARM.Build.0 = Debug|ARM
		{8C05B1E0-F256-4217-AC67-C0DB39E69B54}.Debug|ARM.Deploy.0 = Debug|ARM
		{8C05B1E0-F256-4217-AC67-C0DB39E69B54}.Debug|iPhone.ActiveCfg = Debug|x86
		{8C05B1E0-F256-4217-AC67-C0DB39E69B54}.Debug|iPhone.Build.0 = Debug|x86
		{8C05B1E0-F256-4217-AC67-C0DB39E69B54}.Debug|iPhone.Deploy.0 = Debug|x86
		{8C05B1E0-F256-4217-AC67-C0DB39E69B54}.Debug|iPhoneSimulator.ActiveCfg = Debug|x86
		{8C05B1E0-F256-4217-AC67-C0DB39E69B54}.Debug|iPhoneSimulator.Build.0 = Debug|x86
		{8C05B1E0-F256-4217-AC67-C0DB39E69B54}.Debug|iPhoneSimulator.Deploy.0 = Debug|x86
		{8C05B1E0-F256-4217-AC67-C0DB39E69B54}.Debug|x64.ActiveCfg = Debug|x64
		{8C05B1E0-F256-4217-AC67-C0DB39E69B54}.Debug|x64.Build.0 = Debug|x64
		{8C05B1E0-F256-4217-AC67-C0DB39E69B54}.Debug|x64.Deploy.0 = Debug|x64
		{8C05B1E0-F256-4217-AC67-C0DB39E69B54}.Debug|x86.ActiveCfg = Debug|x86
		{8C05B1E0-F256-4217-AC67-C0DB39E69B54}.Debug|x86.Build.0 = Debug|x86
		{8C05B1E0-F256-4217-AC67-C0DB39E69B54}.Debug|x86.Deploy.0 = Debug|x86
		{8C05B1E0-F256-4217-AC67-C0DB39E69B54}.Release|Any CPU.ActiveCfg = Release|x86
		{8C05B1E0-F256-4217-AC67-C0DB39E69B54}.Release|Any CPU.Build.0 = Release|x86
		{8C05B1E0-F256-4217-AC67-C0DB39E69B54}.Release|Any CPU.Deploy.0 = Release|x86
		{8C05B1E0-F256-4217-AC67-C0DB39E69B54}.Release|ARM.ActiveCfg = Release|ARM
		{8C05B1E0-F256-4217-AC67-C0DB39E69B54}.Release|ARM.Build.0 = Release|ARM
		{8C05B1E0-F256-4217-AC67-C0DB39E69B54}.Release|ARM.Deploy.0 = Release|ARM
		{8C05B1E0-F256-4217-AC67-C0DB39E69B54}.Release|iPhone.ActiveCfg = Release|x86
		{8C05B1E0-F256-4217-AC67-C0DB39E69B54}.Release|iPhone.Build.0 = Release|x86
		{8C05B1E0-F256-4217-AC67-C0DB39E69B54}.Release|iPhone.Deploy.0 = Release|x86
		{8C05B1E0-F256-4217-AC67-C0DB39E69B54}.Release|iPhoneSimulator.ActiveCfg = Release|x86
		{8C05B1E0-F256-4217-AC67-C0DB39E69B54}.Release|iPhoneSimulator.Build.0 = Release|x86
		{8C05B1E0-F256-4217-AC67-C0DB39E69B54}.Release|iPhoneSimulator.Deploy.0 = Release|x86
		{8C05B1E0-F256-4217-AC67-C0DB39E69B54}.Release|x64.ActiveCfg = Release|x64
		{8C05B1E0-F256-4217-AC67-C0DB39E69B54}.Release|x64.Build.0 = Release|x64
		{8C05B1E0-F256-4217-AC67-C0DB39E69B54}.Release|x64.Deploy.0 = Release|x64
		{8C05B1E0-F256-4217-AC67-C0DB39E69B54}.Release|x86.ActiveCfg = Release|x86
		{8C05B1E0-F256-4217-AC67-C0DB39E69B54}.Release|x86.Build.0 = Release|x86
		{8C05B1E0-F256-4217-AC67-C0DB39E69B54}.Release|x86.Deploy.0 = Release|x86
		{D2FAD16A-7785-40B5-B297-CC49FDC9F647}.Debug|Any CPU.ActiveCfg = Debug|Any CPU
		{D2FAD16A-7785-40B5-B297-CC49FDC9F647}.Debug|Any CPU.Build.0 = Debug|Any CPU
		{D2FAD16A-7785-40B5-B297-CC49FDC9F647}.Debug|Any CPU.Deploy.0 = Debug|Any CPU
		{D2FAD16A-7785-40B5-B297-CC49FDC9F647}.Debug|ARM.ActiveCfg = Debug|Any CPU
		{D2FAD16A-7785-40B5-B297-CC49FDC9F647}.Debug|ARM.Build.0 = Debug|Any CPU
		{D2FAD16A-7785-40B5-B297-CC49FDC9F647}.Debug|ARM.Deploy.0 = Debug|Any CPU
		{D2FAD16A-7785-40B5-B297-CC49FDC9F647}.Debug|iPhone.ActiveCfg = Debug|Any CPU
		{D2FAD16A-7785-40B5-B297-CC49FDC9F647}.Debug|iPhone.Build.0 = Debug|Any CPU
		{D2FAD16A-7785-40B5-B297-CC49FDC9F647}.Debug|iPhone.Deploy.0 = Debug|Any CPU
		{D2FAD16A-7785-40B5-B297-CC49FDC9F647}.Debug|iPhoneSimulator.ActiveCfg = Debug|Any CPU
		{D2FAD16A-7785-40B5-B297-CC49FDC9F647}.Debug|iPhoneSimulator.Build.0 = Debug|Any CPU
		{D2FAD16A-7785-40B5-B297-CC49FDC9F647}.Debug|iPhoneSimulator.Deploy.0 = Debug|Any CPU
		{D2FAD16A-7785-40B5-B297-CC49FDC9F647}.Debug|x64.ActiveCfg = Debug|Any CPU
		{D2FAD16A-7785-40B5-B297-CC49FDC9F647}.Debug|x64.Build.0 = Debug|Any CPU
		{D2FAD16A-7785-40B5-B297-CC49FDC9F647}.Debug|x64.Deploy.0 = Debug|Any CPU
		{D2FAD16A-7785-40B5-B297-CC49FDC9F647}.Debug|x86.ActiveCfg = Debug|Any CPU
		{D2FAD16A-7785-40B5-B297-CC49FDC9F647}.Debug|x86.Build.0 = Debug|Any CPU
		{D2FAD16A-7785-40B5-B297-CC49FDC9F647}.Debug|x86.Deploy.0 = Debug|Any CPU
		{D2FAD16A-7785-40B5-B297-CC49FDC9F647}.Release|Any CPU.ActiveCfg = Release|Any CPU
		{D2FAD16A-7785-40B5-B297-CC49FDC9F647}.Release|Any CPU.Build.0 = Release|Any CPU
		{D2FAD16A-7785-40B5-B297-CC49FDC9F647}.Release|Any CPU.Deploy.0 = Release|Any CPU
		{D2FAD16A-7785-40B5-B297-CC49FDC9F647}.Release|ARM.ActiveCfg = Release|Any CPU
		{D2FAD16A-7785-40B5-B297-CC49FDC9F647}.Release|ARM.Build.0 = Release|Any CPU
		{D2FAD16A-7785-40B5-B297-CC49FDC9F647}.Release|ARM.Deploy.0 = Release|Any CPU
		{D2FAD16A-7785-40B5-B297-CC49FDC9F647}.Release|iPhone.ActiveCfg = Release|Any CPU
		{D2FAD16A-7785-40B5-B297-CC49FDC9F647}.Release|iPhone.Build.0 = Release|Any CPU
		{D2FAD16A-7785-40B5-B297-CC49FDC9F647}.Release|iPhone.Deploy.0 = Release|Any CPU
		{D2FAD16A-7785-40B5-B297-CC49FDC9F647}.Release|iPhoneSimulator.ActiveCfg = Release|Any CPU
		{D2FAD16A-7785-40B5-B297-CC49FDC9F647}.Release|iPhoneSimulator.Build.0 = Release|Any CPU
		{D2FAD16A-7785-40B5-B297-CC49FDC9F647}.Release|iPhoneSimulator.Deploy.0 = Release|Any CPU
		{D2FAD16A-7785-40B5-B297-CC49FDC9F647}.Release|x64.ActiveCfg = Release|Any CPU
		{D2FAD16A-7785-40B5-B297-CC49FDC9F647}.Release|x64.Build.0 = Release|Any CPU
		{D2FAD16A-7785-40B5-B297-CC49FDC9F647}.Release|x64.Deploy.0 = Release|Any CPU
		{D2FAD16A-7785-40B5-B297-CC49FDC9F647}.Release|x86.ActiveCfg = Release|Any CPU
		{D2FAD16A-7785-40B5-B297-CC49FDC9F647}.Release|x86.Build.0 = Release|Any CPU
		{D2FAD16A-7785-40B5-B297-CC49FDC9F647}.Release|x86.Deploy.0 = Release|Any CPU
		{34CFA924-422D-4CE7-8E72-ABA00AC562A5}.Debug|Any CPU.ActiveCfg = Debug|iPhone
		{34CFA924-422D-4CE7-8E72-ABA00AC562A5}.Debug|Any CPU.Build.0 = Debug|iPhone
		{34CFA924-422D-4CE7-8E72-ABA00AC562A5}.Debug|Any CPU.Deploy.0 = Debug|iPhone
		{34CFA924-422D-4CE7-8E72-ABA00AC562A5}.Debug|ARM.ActiveCfg = Debug|iPhoneSimulator
		{34CFA924-422D-4CE7-8E72-ABA00AC562A5}.Debug|ARM.Build.0 = Debug|iPhoneSimulator
		{34CFA924-422D-4CE7-8E72-ABA00AC562A5}.Debug|ARM.Deploy.0 = Debug|iPhoneSimulator
		{34CFA924-422D-4CE7-8E72-ABA00AC562A5}.Debug|iPhone.ActiveCfg = Debug|iPhone
		{34CFA924-422D-4CE7-8E72-ABA00AC562A5}.Debug|iPhone.Build.0 = Debug|iPhone
		{34CFA924-422D-4CE7-8E72-ABA00AC562A5}.Debug|iPhone.Deploy.0 = Debug|iPhone
		{34CFA924-422D-4CE7-8E72-ABA00AC562A5}.Debug|iPhoneSimulator.ActiveCfg = Debug|iPhoneSimulator
		{34CFA924-422D-4CE7-8E72-ABA00AC562A5}.Debug|iPhoneSimulator.Build.0 = Debug|iPhoneSimulator
		{34CFA924-422D-4CE7-8E72-ABA00AC562A5}.Debug|iPhoneSimulator.Deploy.0 = Debug|iPhoneSimulator
		{34CFA924-422D-4CE7-8E72-ABA00AC562A5}.Debug|x64.ActiveCfg = Debug|iPhone
		{34CFA924-422D-4CE7-8E72-ABA00AC562A5}.Debug|x64.Build.0 = Debug|iPhone
		{34CFA924-422D-4CE7-8E72-ABA00AC562A5}.Debug|x64.Deploy.0 = Debug|iPhone
		{34CFA924-422D-4CE7-8E72-ABA00AC562A5}.Debug|x86.ActiveCfg = Debug|iPhone
		{34CFA924-422D-4CE7-8E72-ABA00AC562A5}.Debug|x86.Build.0 = Debug|iPhone
		{34CFA924-422D-4CE7-8E72-ABA00AC562A5}.Debug|x86.Deploy.0 = Debug|iPhone
		{34CFA924-422D-4CE7-8E72-ABA00AC562A5}.Release|Any CPU.ActiveCfg = Release|iPhone
		{34CFA924-422D-4CE7-8E72-ABA00AC562A5}.Release|Any CPU.Build.0 = Release|iPhone
		{34CFA924-422D-4CE7-8E72-ABA00AC562A5}.Release|Any CPU.Deploy.0 = Release|iPhone
		{34CFA924-422D-4CE7-8E72-ABA00AC562A5}.Release|ARM.ActiveCfg = Release|iPhone
		{34CFA924-422D-4CE7-8E72-ABA00AC562A5}.Release|ARM.Build.0 = Release|iPhone
		{34CFA924-422D-4CE7-8E72-ABA00AC562A5}.Release|ARM.Deploy.0 = Release|iPhone
		{34CFA924-422D-4CE7-8E72-ABA00AC562A5}.Release|iPhone.ActiveCfg = Release|iPhone
		{34CFA924-422D-4CE7-8E72-ABA00AC562A5}.Release|iPhone.Build.0 = Release|iPhone
		{34CFA924-422D-4CE7-8E72-ABA00AC562A5}.Release|iPhone.Deploy.0 = Release|iPhone
		{34CFA924-422D-4CE7-8E72-ABA00AC562A5}.Release|iPhoneSimulator.ActiveCfg = Release|iPhoneSimulator
		{34CFA924-422D-4CE7-8E72-ABA00AC562A5}.Release|iPhoneSimulator.Build.0 = Release|iPhoneSimulator
		{34CFA924-422D-4CE7-8E72-ABA00AC562A5}.Release|iPhoneSimulator.Deploy.0 = Release|iPhoneSimulator
		{34CFA924-422D-4CE7-8E72-ABA00AC562A5}.Release|x64.ActiveCfg = Release|iPhone
		{34CFA924-422D-4CE7-8E72-ABA00AC562A5}.Release|x64.Build.0 = Release|iPhone
		{34CFA924-422D-4CE7-8E72-ABA00AC562A5}.Release|x64.Deploy.0 = Release|iPhone
		{34CFA924-422D-4CE7-8E72-ABA00AC562A5}.Release|x86.ActiveCfg = Release|iPhone
		{34CFA924-422D-4CE7-8E72-ABA00AC562A5}.Release|x86.Build.0 = Release|iPhone
		{34CFA924-422D-4CE7-8E72-ABA00AC562A5}.Release|x86.Deploy.0 = Release|iPhone
		{8A9E72FC-4AB5-41FF-8638-50A5F3705429}.Debug|Any CPU.ActiveCfg = Debug|Any CPU
		{8A9E72FC-4AB5-41FF-8638-50A5F3705429}.Debug|Any CPU.Build.0 = Debug|Any CPU
		{8A9E72FC-4AB5-41FF-8638-50A5F3705429}.Debug|Any CPU.Deploy.0 = Debug|Any CPU
		{8A9E72FC-4AB5-41FF-8638-50A5F3705429}.Debug|ARM.ActiveCfg = Debug|Any CPU
		{8A9E72FC-4AB5-41FF-8638-50A5F3705429}.Debug|ARM.Build.0 = Debug|Any CPU
		{8A9E72FC-4AB5-41FF-8638-50A5F3705429}.Debug|ARM.Deploy.0 = Debug|Any CPU
		{8A9E72FC-4AB5-41FF-8638-50A5F3705429}.Debug|iPhone.ActiveCfg = Debug|Any CPU
		{8A9E72FC-4AB5-41FF-8638-50A5F3705429}.Debug|iPhone.Build.0 = Debug|Any CPU
		{8A9E72FC-4AB5-41FF-8638-50A5F3705429}.Debug|iPhone.Deploy.0 = Debug|Any CPU
		{8A9E72FC-4AB5-41FF-8638-50A5F3705429}.Debug|iPhoneSimulator.ActiveCfg = Debug|Any CPU
		{8A9E72FC-4AB5-41FF-8638-50A5F3705429}.Debug|iPhoneSimulator.Build.0 = Debug|Any CPU
		{8A9E72FC-4AB5-41FF-8638-50A5F3705429}.Debug|iPhoneSimulator.Deploy.0 = Debug|Any CPU
		{8A9E72FC-4AB5-41FF-8638-50A5F3705429}.Debug|x64.ActiveCfg = Debug|Any CPU
		{8A9E72FC-4AB5-41FF-8638-50A5F3705429}.Debug|x64.Build.0 = Debug|Any CPU
		{8A9E72FC-4AB5-41FF-8638-50A5F3705429}.Debug|x64.Deploy.0 = Debug|Any CPU
		{8A9E72FC-4AB5-41FF-8638-50A5F3705429}.Debug|x86.ActiveCfg = Debug|Any CPU
		{8A9E72FC-4AB5-41FF-8638-50A5F3705429}.Debug|x86.Build.0 = Debug|Any CPU
		{8A9E72FC-4AB5-41FF-8638-50A5F3705429}.Debug|x86.Deploy.0 = Debug|Any CPU
		{8A9E72FC-4AB5-41FF-8638-50A5F3705429}.Release|Any CPU.ActiveCfg = Release|Any CPU
		{8A9E72FC-4AB5-41FF-8638-50A5F3705429}.Release|Any CPU.Build.0 = Release|Any CPU
		{8A9E72FC-4AB5-41FF-8638-50A5F3705429}.Release|Any CPU.Deploy.0 = Release|Any CPU
		{8A9E72FC-4AB5-41FF-8638-50A5F3705429}.Release|ARM.ActiveCfg = Release|Any CPU
		{8A9E72FC-4AB5-41FF-8638-50A5F3705429}.Release|ARM.Build.0 = Release|Any CPU
		{8A9E72FC-4AB5-41FF-8638-50A5F3705429}.Release|ARM.Deploy.0 = Release|Any CPU
		{8A9E72FC-4AB5-41FF-8638-50A5F3705429}.Release|iPhone.ActiveCfg = Release|Any CPU
		{8A9E72FC-4AB5-41FF-8638-50A5F3705429}.Release|iPhone.Build.0 = Release|Any CPU
		{8A9E72FC-4AB5-41FF-8638-50A5F3705429}.Release|iPhone.Deploy.0 = Release|Any CPU
		{8A9E72FC-4AB5-41FF-8638-50A5F3705429}.Release|iPhoneSimulator.ActiveCfg = Release|Any CPU
		{8A9E72FC-4AB5-41FF-8638-50A5F3705429}.Release|iPhoneSimulator.Build.0 = Release|Any CPU
		{8A9E72FC-4AB5-41FF-8638-50A5F3705429}.Release|iPhoneSimulator.Deploy.0 = Release|Any CPU
		{8A9E72FC-4AB5-41FF-8638-50A5F3705429}.Release|x64.ActiveCfg = Release|Any CPU
		{8A9E72FC-4AB5-41FF-8638-50A5F3705429}.Release|x64.Build.0 = Release|Any CPU
		{8A9E72FC-4AB5-41FF-8638-50A5F3705429}.Release|x64.Deploy.0 = Release|Any CPU
		{8A9E72FC-4AB5-41FF-8638-50A5F3705429}.Release|x86.ActiveCfg = Release|Any CPU
		{8A9E72FC-4AB5-41FF-8638-50A5F3705429}.Release|x86.Build.0 = Release|Any CPU
		{8A9E72FC-4AB5-41FF-8638-50A5F3705429}.Release|x86.Deploy.0 = Release|Any CPU
	EndGlobalSection
	GlobalSection(SolutionProperties) = preSolution
		HideSolutionNode = FALSE
	EndGlobalSection
	GlobalSection(ExtensibilityGlobals) = postSolution
		SolutionGuid = {A2F4F130-D1FE-4D71-B775-B54C64B6B606}
	EndGlobalSection
EndGlobal
